
Microsoft Visual Studio Solution File, Format Version 12.00
# Visual Studio Version 17
VisualStudioVersion = 17.9.34902.65
MinimumVisualStudioVersion = 10.0.40219.1
Project("{2150E333-8FDC-42A3-9474-1A3956D46DE8}") = "Solution Items", "Solution Items", "{89FC7D43-33CE-470B-8554-760805F9492E}"
	ProjectSection(SolutionItems) = preProject
		docker-compose.yml = docker-compose.yml
	EndProjectSection
EndProject
Project("{FAE04EC0-301F-11D3-BF4B-00C04F79EFBC}") = "CNUCoin.BLL.Common", "CNUCoin.BLL.Common\CNUCoin.BLL.Common.csproj", "{05C4610B-DFD7-433D-867E-B2979C8ABA12}"
EndProject
Global
	GlobalSection(SolutionConfigurationPlatforms) = preSolution
		Debug|Any CPU = Debug|Any CPU
		Release|Any CPU = Release|Any CPU
	EndGlobalSection
	GlobalSection(ProjectConfigurationPlatforms) = postSolution
		{05C4610B-DFD7-433D-867E-B2979C8ABA12}.Debug|Any CPU.ActiveCfg = Debug|Any CPU
		{05C4610B-DFD7-433D-867E-B2979C8ABA12}.Debug|Any CPU.Build.0 = Debug|Any CPU
		{05C4610B-DFD7-433D-867E-B2979C8ABA12}.Release|Any CPU.ActiveCfg = Release|Any CPU
		{05C4610B-DFD7-433D-867E-B2979C8ABA12}.Release|Any CPU.Build.0 = Release|Any CPU
	EndGlobalSection
	GlobalSection(SolutionProperties) = preSolution
		HideSolutionNode = FALSE
	EndGlobalSection
	GlobalSection(ExtensibilityGlobals) = postSolution
		SolutionGuid = {6BE5770C-6631-4A72-ABEE-E0C7C30CCB4C}
	EndGlobalSection
EndGlobal
